
Microsoft Visual Studio Solution File, Format Version 12.00
# Visual Studio Version 17
VisualStudioVersion = 17.6.33723.286
MinimumVisualStudioVersion = 10.0.40219.1
Project("{FAE04EC0-301F-11D3-BF4B-00C04F79EFBC}") = "Notes-App-Integration-v.01", "Notes-App-Integration-v.01\Notes-App-Integration-v.01.csproj", "{9F23CB1C-05D5-4C29-B21B-664B81CB5F6B}"
EndProject
Global
	GlobalSection(SolutionConfigurationPlatforms) = preSolution
		Debug|Any CPU = Debug|Any CPU
		Release|Any CPU = Release|Any CPU
	EndGlobalSection
	GlobalSection(ProjectConfigurationPlatforms) = postSolution
		{9F23CB1C-05D5-4C29-B21B-664B81CB5F6B}.Debug|Any CPU.ActiveCfg = Debug|Any CPU
		{9F23CB1C-05D5-4C29-B21B-664B81CB5F6B}.Debug|Any CPU.Build.0 = Debug|Any CPU
		{9F23CB1C-05D5-4C29-B21B-664B81CB5F6B}.Release|Any CPU.ActiveCfg = Release|Any CPU
		{9F23CB1C-05D5-4C29-B21B-664B81CB5F6B}.Release|Any CPU.Build.0 = Release|Any CPU
	EndGlobalSection
	GlobalSection(SolutionProperties) = preSolution
		HideSolutionNode = FALSE
	EndGlobalSection
	GlobalSection(ExtensibilityGlobals) = postSolution
		SolutionGuid = {192F8042-4BA5-4987-B100-9E519FE4A30C}
	EndGlobalSection
EndGlobal
